// !$*UTF8*$!
{
	archiveVersion = 1;
	classes = {
	};
	objectVersion = 46;
	objects = {

/* Begin PBXBuildFile section */
		C45EDC2617E1991900173ACE /* Foundation.framework in Frameworks */ = {isa = PBXBuildFile; fileRef = C45EDC2517E1991900173ACE /* Foundation.framework */; };
		C45EDC2917E1991900173ACE /* main.m in Sources */ = {isa = PBXBuildFile; fileRef = C45EDC2817E1991900173ACE /* main.m */; };
		C45EDC2D17E1991900173ACE /* NotificationTest.1 in CopyFiles */ = {isa = PBXBuildFile; fileRef = C45EDC2C17E1991900173ACE /* NotificationTest.1 */; };
		C45EDC3517E1994D00173ACE /* Person.m in Sources */ = {isa = PBXBuildFile; fileRef = C45EDC3417E1994D00173ACE /* Person.m */; };
		C45EDC3817E199D200173ACE /* Student.m in Sources */ = {isa = PBXBuildFile; fileRef = C45EDC3717E199D200173ACE /* Student.m */; };
		C45EDC3B17E19BC000173ACE /* Saler.m in Sources */ = {isa = PBXBuildFile; fileRef = C45EDC3A17E19BC000173ACE /* Saler.m */; };
		C45EDC3E17E1A08000173ACE /* Nurse.m in Sources */ = {isa = PBXBuildFile; fileRef = C45EDC3D17E1A08000173ACE /* Nurse.m */; };
/* End PBXBuildFile section */

/* Begin PBXCopyFilesBuildPhase section */
		C45EDC2017E1991900173ACE /* CopyFiles */ = {
			isa = PBXCopyFilesBuildPhase;
			buildActionMask = 2147483647;
			dstPath = /usr/share/man/man1/;
			dstSubfolderSpec = 0;
			files = (
				C45EDC2D17E1991900173ACE /* NotificationTest.1 in CopyFiles */,
			);
			runOnlyForDeploymentPostprocessing = 1;
		};
/* End PBXCopyFilesBuildPhase section */

/* Begin PBXFileReference section */
		C45EDC2217E1991900173ACE /* NotificationTest */ = {isa = PBXFileReference; explicitFileType = "compiled.mach-o.executable"; includeInIndex = 0; path = NotificationTest; sourceTree = BUILT_PRODUCTS_DIR; };
		C45EDC2517E1991900173ACE /* Foundation.framework */ = {isa = PBXFileReference; lastKnownFileType = wrapper.framework; name = Foundation.framework; path = System/Library/Frameworks/Foundation.framework; sourceTree = SDKROOT; };
		C45EDC2817E1991900173ACE /* main.m */ = {isa = PBXFileReference; lastKnownFileType = sourcecode.c.objc; path = main.m; sourceTree = "<group>"; };
		C45EDC2B17E1991900173ACE /* NotificationTest-Prefix.pch */ = {isa = PBXFileReference; lastKnownFileType = sourcecode.c.h; path = "NotificationTest-Prefix.pch"; sourceTree = "<group>"; };
		C45EDC2C17E1991900173ACE /* NotificationTest.1 */ = {isa = PBXFileReference; lastKnownFileType = text.man; path = NotificationTest.1; sourceTree = "<group>"; };
		C45EDC3317E1994D00173ACE /* Person.h */ = {isa = PBXFileReference; fileEncoding = 4; lastKnownFileType = sourcecode.c.h; path = Person.h; sourceTree = "<group>"; };
		C45EDC3417E1994D00173ACE /* Person.m */ = {isa = PBXFileReference; fileEncoding = 4; lastKnownFileType = sourcecode.c.objc; path = Person.m; sourceTree = "<group>"; };
		C45EDC3617E199D200173ACE /* Student.h */ = {isa = PBXFileReference; fileEncoding = 4; lastKnownFileType = sourcecode.c.h; path = Student.h; sourceTree = "<group>"; };
		C45EDC3717E199D200173ACE /* Student.m */ = {isa = PBXFileReference; fileEncoding = 4; lastKnownFileType = sourcecode.c.objc; path = Student.m; sourceTree = "<group>"; };
		C45EDC3917E19BC000173ACE /* Saler.h */ = {isa = PBXFileReference; fileEncoding = 4; lastKnownFileType = sourcecode.c.h; path = Saler.h; sourceTree = "<group>"; };
		C45EDC3A17E19BC000173ACE /* Saler.m */ = {isa = PBXFileReference; fileEncoding = 4; lastKnownFileType = sourcecode.c.objc; path = Saler.m; sourceTree = "<group>"; };
		C45EDC3C17E1A08000173ACE /* Nurse.h */ = {isa = PBXFileReference; fileEncoding = 4; lastKnownFileType = sourcecode.c.h; path = Nurse.h; sourceTree = "<group>"; };
		C45EDC3D17E1A08000173ACE /* Nurse.m */ = {isa = PBXFileReference; fileEncoding = 4; lastKnownFileType = sourcecode.c.objc; path = Nurse.m; sourceTree = "<group>"; };
/* End PBXFileReference section */

/* Begin PBXFrameworksBuildPhase section */
		C45EDC1F17E1991900173ACE /* Frameworks */ = {
			isa = PBXFrameworksBuildPhase;
			buildActionMask = 2147483647;
			files = (
				C45EDC2617E1991900173ACE /* Foundation.framework in Frameworks */,
			);
			runOnlyForDeploymentPostprocessing = 0;
		};
/* End PBXFrameworksBuildPhase section */

/* Begin PBXGroup section */
		C45EDC1917E1991900173ACE = {
			isa = PBXGroup;
			children = (
				C45EDC2717E1991900173ACE /* NotificationTest */,
				C45EDC2417E1991900173ACE /* Frameworks */,
				C45EDC2317E1991900173ACE /* Products */,
			);
			sourceTree = "<group>";
		};
		C45EDC2317E1991900173ACE /* Products */ = {
			isa = PBXGroup;
			children = (
				C45EDC2217E1991900173ACE /* NotificationTest */,
			);
			name = Products;
			sourceTree = "<group>";
		};
		C45EDC2417E1991900173ACE /* Frameworks */ = {
			isa = PBXGroup;
			children = (
				C45EDC2517E1991900173ACE /* Foundation.framework */,
			);
			name = Frameworks;
			sourceTree = "<group>";
		};
		C45EDC2717E1991900173ACE /* NotificationTest */ = {
			isa = PBXGroup;
			children = (
				C45EDC2817E1991900173ACE /* main.m */,
				C45EDC2C17E1991900173ACE /* NotificationTest.1 */,
				C45EDC2A17E1991900173ACE /* Supporting Files */,
				C45EDC3317E1994D00173ACE /* Person.h */,
				C45EDC3417E1994D00173ACE /* Person.m */,
				C45EDC3617E199D200173ACE /* Student.h */,
				C45EDC3717E199D200173ACE /* Student.m */,
				C45EDC3917E19BC000173ACE /* Saler.h */,
				C45EDC3A17E19BC000173ACE /* Saler.m */,
				C45EDC3C17E1A08000173ACE /* Nurse.h */,
				C45EDC3D17E1A08000173ACE /* Nurse.m */,
			);
			path = NotificationTest;
			sourceTree = "<group>";
		};
		C45EDC2A17E1991900173ACE /* Supporting Files */ = {
			isa = PBXGroup;
			children = (
				C45EDC2B17E1991900173ACE /* NotificationTest-Prefix.pch */,
			);
			name = "Supporting Files";
			sourceTree = "<group>";
		};
/* End PBXGroup section */

/* Begin PBXNativeTarget section */
		C45EDC2117E1991900173ACE /* NotificationTest */ = {
			isa = PBXNativeTarget;
			buildConfigurationList = C45EDC3017E1991900173ACE /* Build configuration list for PBXNativeTarget "NotificationTest" */;
			buildPhases = (
				C45EDC1E17E1991900173ACE /* Sources */,
				C45EDC1F17E1991900173ACE /* Frameworks */,
				C45EDC2017E1991900173ACE /* CopyFiles */,
			);
			buildRules = (
			);
			dependencies = (
			);
			name = NotificationTest;
			productName = NotificationTest;
			productReference = C45EDC2217E1991900173ACE /* NotificationTest */;
			productType = "com.apple.product-type.tool";
		};
/* End PBXNativeTarget section */

/* Begin PBXProject section */
		C45EDC1A17E1991900173ACE /* Project object */ = {
			isa = PBXProject;
			attributes = {
				LastUpgradeCheck = 0460;
				ORGANIZATIONNAME = com.Sinosoft;
			};
			buildConfigurationList = C45EDC1D17E1991900173ACE /* Build configuration list for PBXProject "NotificationTest" */;
			compatibilityVersion = "Xcode 3.2";
			developmentRegion = English;
			hasScannedForEncodings = 0;
			knownRegions = (
				en,
			);
			mainGroup = C45EDC1917E1991900173ACE;
			productRefGroup = C45EDC2317E1991900173ACE /* Products */;
			projectDirPath = "";
			projectRoot = "";
			targets = (
				C45EDC2117E1991900173ACE /* NotificationTest */,
			);
		};
/* End PBXProject section */

/* Begin PBXSourcesBuildPhase section */
		C45EDC1E17E1991900173ACE /* Sources */ = {
			isa = PBXSourcesBuildPhase;
			buildActionMask = 2147483647;
			files = (
				C45EDC2917E1991900173ACE /* main.m in Sources */,
				C45EDC3517E1994D00173ACE /* Person.m in Sources */,
				C45EDC3817E199D200173ACE /* Student.m in Sources */,
				C45EDC3B17E19BC000173ACE /* Saler.m in Sources */,
				C45EDC3E17E1A08000173ACE /* Nurse.m in Sources */,
			);
			runOnlyForDeploymentPostprocessing = 0;
		};
/* End PBXSourcesBuildPhase section */

/* Begin XCBuildConfiguration section */
		C45EDC2E17E1991900173ACE /* Debug */ = {
			isa = XCBuildConfiguration;
			buildSettings = {
				ALWAYS_SEARCH_USER_PATHS = NO;
				ARCHS = "$(ARCHS_STANDARD_64_BIT)";
				CLANG_CXX_LANGUAGE_STANDARD = "gnu++0x";
				CLANG_CXX_LIBRARY = "libc++";
				CLANG_WARN_CONSTANT_CONVERSION = YES;
				CLANG_WARN_EMPTY_BODY = YES;
				CLANG_WARN_ENUM_CONVERSION = YES;
				CLANG_WARN_INT_CONVERSION = YES;
				CLANG_WARN__DUPLICATE_METHOD_MATCH = YES;
				COPY_PHASE_STRIP = NO;
				GCC_C_LANGUAGE_STANDARD = gnu99;
				GCC_DYNAMIC_NO_PIC = NO;
				GCC_ENABLE_OBJC_EXCEPTIONS = YES;
				GCC_OPTIMIZATION_LEVEL = 0;
				GCC_PREPROCESSOR_DEFINITIONS = (
					"DEBUG=1",
					"$(inherited)",
				);
				GCC_SYMBOLS_PRIVATE_EXTERN = NO;
				GCC_WARN_64_TO_32_BIT_CONVERSION = YES;
				GCC_WARN_ABOUT_RETURN_TYPE = YES;
				GCC_WARN_UNINITIALIZED_AUTOS = YES;
				GCC_WARN_UNUSED_VARIABLE = YES;
				MACOSX_DEPLOYMENT_TARGET = 10.8;
				ONLY_ACTIVE_ARCH = YES;
				SDKROOT = macosx;
			};
			name = Debug;
		};
		C45EDC2F17E1991900173ACE /* Release */ = {
			isa = XCBuildConfiguration;
			buildSettings = {
				ALWAYS_SEARCH_USER_PATHS = NO;
				ARCHS = "$(ARCHS_STANDARD_64_BIT)";
				CLANG_CXX_LANGUAGE_STANDARD = "gnu++0x";
				CLANG_CXX_LIBRARY = "libc++";
				CLANG_WARN_CONSTANT_CONVERSION = YES;
				CLANG_WARN_EMPTY_BODY = YES;
				CLANG_WARN_ENUM_CONVERSION = YES;
				CLANG_WARN_INT_CONVERSION = YES;
				CLANG_WARN__DUPLICATE_METHOD_MATCH = YES;
				COPY_PHASE_STRIP = YES;
				DEBUG_INFORMATION_FORMAT = "dwarf-with-dsym";
				GCC_C_LANGUAGE_STANDARD = gnu99;
				GCC_ENABLE_OBJC_EXCEPTIONS = YES;
				GCC_WARN_64_TO_32_BIT_CONVERSION = YES;
				GCC_WARN_ABOUT_RETURN_TYPE = YES;
				GCC_WARN_UNINITIALIZED_AUTOS = YES;
				GCC_WARN_UNUSED_VARIABLE = YES;
				MACOSX_DEPLOYMENT_TARGET = 10.8;
				SDKROOT = macosx;
			};
			name = Release;
		};
		C45EDC3117E1991900173ACE /* Debug */ = {
			isa = XCBuildConfiguration;
			buildSettings = {
				GCC_PRECOMPILE_PREFIX_HEADER = YES;
				GCC_PREFIX_HEADER = "NotificationTest/NotificationTest-Prefix.pch";
				PRODUCT_NAME = "$(TARGET_NAME)";
			};
			name = Debug;
		};
		C45EDC3217E1991900173ACE /* Release */ = {
			isa = XCBuildConfiguration;
			buildSettings = {
				GCC_PRECOMPILE_PREFIX_HEADER = YES;
				GCC_PREFIX_HEADER = "NotificationTest/NotificationTest-Prefix.pch";
				PRODUCT_NAME = "$(TARGET_NAME)";
			};
			name = Release;
		};
/* End XCBuildConfiguration section */

/* Begin XCConfigurationList section */
		C45EDC1D17E1991900173ACE /* Build configuration list for PBXProject "NotificationTest" */ = {
			isa = XCConfigurationList;
			buildConfigurations = (
				C45EDC2E17E1991900173ACE /* Debug */,
				C45EDC2F17E1991900173ACE /* Release */,
			);
			defaultConfigurationIsVisible = 0;
			defaultConfigurationName = Release;
		};
		C45EDC3017E1991900173ACE /* Build configuration list for PBXNativeTarget "NotificationTest" */ = {
			isa = XCConfigurationList;
			buildConfigurations = (
				C45EDC3117E1991900173ACE /* Debug */,
				C45EDC3217E1991900173ACE /* Release */,
			);
			defaultConfigurationIsVisible = 0;
		};
/* End XCConfigurationList section */
	};
	rootObject = C45EDC1A17E1991900173ACE /* Project object */;
}
